
Microsoft Visual Studio Solution File, Format Version 11.00
# Visual Studio 2010
Project("{FAE04EC0-301F-11D3-BF4B-00C04F79EFBC}") = "Assembly-CSharp", "Assembly-CSharp.csproj", "{def8c56b-2368-acd9-7097-949c8de42a49}"
EndProject
Global
	GlobalSection(SolutionConfigurationPlatforms) = preSolution
		Debug|Any CPU = Debug|Any CPU
		Release|Any CPU = Release|Any CPU
	EndGlobalSection
	GlobalSection(ProjectConfigurationPlatforms) = postSolution
		{def8c56b-2368-acd9-7097-949c8de42a49}.Debug|Any CPU.ActiveCfg = Debug|Any CPU
		{def8c56b-2368-acd9-7097-949c8de42a49}.Debug|Any CPU.Build.0 = Debug|Any CPU
		{def8c56b-2368-acd9-7097-949c8de42a49}.Release|Any CPU.ActiveCfg = Release|Any CPU
		{def8c56b-2368-acd9-7097-949c8de42a49}.Release|Any CPU.Build.0 = Release|Any CPU
	EndGlobalSection
	GlobalSection(SolutionProperties) = preSolution
		HideSolutionNode = FALSE
	EndGlobalSection
EndGlobal
